
Microsoft Visual Studio Solution File, Format Version 12.00
# Visual Studio Version 16
VisualStudioVersion = 16.0.29926.136
MinimumVisualStudioVersion = 10.0.40219.1
Project("{FAE04EC0-301F-11D3-BF4B-00C04F79EFBC}") = "GrpcGreeterClient", "GrpcGreeterClient\GrpcGreeterClient.csproj", "{001E1AA4-E262-44F8-BC41-69B983C44D89}"
EndProject
Global
	GlobalSection(SolutionConfigurationPlatforms) = preSolution
		Debug|Any CPU = Debug|Any CPU
		Release|Any CPU = Release|Any CPU
	EndGlobalSection
	GlobalSection(ProjectConfigurationPlatforms) = postSolution
		{001E1AA4-E262-44F8-BC41-69B983C44D89}.Debug|Any CPU.ActiveCfg = Debug|Any CPU
		{001E1AA4-E262-44F8-BC41-69B983C44D89}.Debug|Any CPU.Build.0 = Debug|Any CPU
		{001E1AA4-E262-44F8-BC41-69B983C44D89}.Release|Any CPU.ActiveCfg = Release|Any CPU
		{001E1AA4-E262-44F8-BC41-69B983C44D89}.Release|Any CPU.Build.0 = Release|Any CPU
	EndGlobalSection
	GlobalSection(SolutionProperties) = preSolution
		HideSolutionNode = FALSE
	EndGlobalSection
	GlobalSection(ExtensibilityGlobals) = postSolution
		SolutionGuid = {2CABCAA4-A7DF-4F8E-AAE1-1315B2D71768}
	EndGlobalSection
EndGlobal
